
Microsoft Visual Studio Solution File, Format Version 12.00
# Visual Studio Version 16
VisualStudioVersion = 16.0.31205.134
MinimumVisualStudioVersion = 10.0.40219.1
Project("{FAE04EC0-301F-11D3-BF4B-00C04F79EFBC}") = "PreLearningBackend", "PreLearningBackend\PreLearningBackend.csproj", "{AAA9E3E8-8639-45F7-B0BE-442981F92ABE}"
EndProject
Global
	GlobalSection(SolutionConfigurationPlatforms) = preSolution
		Debug|Any CPU = Debug|Any CPU
		Release|Any CPU = Release|Any CPU
	EndGlobalSection
	GlobalSection(ProjectConfigurationPlatforms) = postSolution
		{AAA9E3E8-8639-45F7-B0BE-442981F92ABE}.Debug|Any CPU.ActiveCfg = Debug|Any CPU
		{AAA9E3E8-8639-45F7-B0BE-442981F92ABE}.Debug|Any CPU.Build.0 = Debug|Any CPU
		{AAA9E3E8-8639-45F7-B0BE-442981F92ABE}.Release|Any CPU.ActiveCfg = Release|Any CPU
		{AAA9E3E8-8639-45F7-B0BE-442981F92ABE}.Release|Any CPU.Build.0 = Release|Any CPU
	EndGlobalSection
	GlobalSection(SolutionProperties) = preSolution
		HideSolutionNode = FALSE
	EndGlobalSection
	GlobalSection(ExtensibilityGlobals) = postSolution
		SolutionGuid = {8364D3EF-3254-41DD-B3AA-B11EEDFCB1C3}
	EndGlobalSection
EndGlobal
